
Microsoft Visual Studio Solution File, Format Version 12.00
# Visual Studio 2012
Project("{FAE04EC0-301F-11D3-BF4B-00C04F79EFBC}") = "VeeSharpTemplateGUI", "VeeSharpTemplateGUI\VeeSharpTemplateGUI.csproj", "{1547F24E-6997-4103-8260-B731F4B37833}"
EndProject
Project("{FAE04EC0-301F-11D3-BF4B-00C04F79EFBC}") = "VeeSharpTemplate", "VeeSharpTemplate\VeeSharpTemplate.csproj", "{ED21CD01-7190-49FF-A066-4066025792A6}"
EndProject
Global
	GlobalSection(SolutionConfigurationPlatforms) = preSolution
		Debug|Any CPU = Debug|Any CPU
		Release|Any CPU = Release|Any CPU
	EndGlobalSection
	GlobalSection(ProjectConfigurationPlatforms) = postSolution
		{1547F24E-6997-4103-8260-B731F4B37833}.Debug|Any CPU.ActiveCfg = Debug|Any CPU
		{1547F24E-6997-4103-8260-B731F4B37833}.Debug|Any CPU.Build.0 = Debug|Any CPU
		{1547F24E-6997-4103-8260-B731F4B37833}.Release|Any CPU.ActiveCfg = Release|Any CPU
		{1547F24E-6997-4103-8260-B731F4B37833}.Release|Any CPU.Build.0 = Release|Any CPU
		{ED21CD01-7190-49FF-A066-4066025792A6}.Debug|Any CPU.ActiveCfg = Debug|Any CPU
		{ED21CD01-7190-49FF-A066-4066025792A6}.Debug|Any CPU.Build.0 = Debug|Any CPU
		{ED21CD01-7190-49FF-A066-4066025792A6}.Release|Any CPU.ActiveCfg = Release|Any CPU
		{ED21CD01-7190-49FF-A066-4066025792A6}.Release|Any CPU.Build.0 = Release|Any CPU
	EndGlobalSection
	GlobalSection(SolutionProperties) = preSolution
		HideSolutionNode = FALSE
	EndGlobalSection
EndGlobal
